
Microsoft Visual Studio Solution File, Format Version 12.00
# Visual Studio Version 17
VisualStudioVersion = 17.14.36616.10 d17.14
MinimumVisualStudioVersion = 10.0.40219.1
Project("{FAE04EC0-301F-11D3-BF4B-00C04F79EFBC}") = "AsyncControllerPrj", "AsyncControllerPrj.csproj", "{3BE378E2-5D20-47BB-8449-0A65D3AB3CB1}"
EndProject
Global
	GlobalSection(SolutionConfigurationPlatforms) = preSolution
		Debug|Any CPU = Debug|Any CPU
		Release|Any CPU = Release|Any CPU
	EndGlobalSection
	GlobalSection(ProjectConfigurationPlatforms) = postSolution
		{3BE378E2-5D20-47BB-8449-0A65D3AB3CB1}.Debug|Any CPU.ActiveCfg = Debug|Any CPU
		{3BE378E2-5D20-47BB-8449-0A65D3AB3CB1}.Debug|Any CPU.Build.0 = Debug|Any CPU
		{3BE378E2-5D20-47BB-8449-0A65D3AB3CB1}.Release|Any CPU.ActiveCfg = Release|Any CPU
		{3BE378E2-5D20-47BB-8449-0A65D3AB3CB1}.Release|Any CPU.Build.0 = Release|Any CPU
	EndGlobalSection
	GlobalSection(SolutionProperties) = preSolution
		HideSolutionNode = FALSE
	EndGlobalSection
	GlobalSection(ExtensibilityGlobals) = postSolution
		SolutionGuid = {C44354AE-4EE4-4394-B273-26F9C5DE9E36}
	EndGlobalSection
EndGlobal
