
Microsoft Visual Studio Solution File, Format Version 12.00
# Visual Studio Version 17
VisualStudioVersion = 17.14.36616.10 d17.14
MinimumVisualStudioVersion = 10.0.40219.1
Project("{FAE04EC0-301F-11D3-BF4B-00C04F79EFBC}") = "SecurityFormPrj", "SecurityFormPrj.csproj", "{79DC0BED-87E8-476B-A724-ED3A87443674}"
EndProject
Global
	GlobalSection(SolutionConfigurationPlatforms) = preSolution
		Debug|Any CPU = Debug|Any CPU
		Release|Any CPU = Release|Any CPU
	EndGlobalSection
	GlobalSection(ProjectConfigurationPlatforms) = postSolution
		{79DC0BED-87E8-476B-A724-ED3A87443674}.Debug|Any CPU.ActiveCfg = Debug|Any CPU
		{79DC0BED-87E8-476B-A724-ED3A87443674}.Debug|Any CPU.Build.0 = Debug|Any CPU
		{79DC0BED-87E8-476B-A724-ED3A87443674}.Release|Any CPU.ActiveCfg = Release|Any CPU
		{79DC0BED-87E8-476B-A724-ED3A87443674}.Release|Any CPU.Build.0 = Release|Any CPU
	EndGlobalSection
	GlobalSection(SolutionProperties) = preSolution
		HideSolutionNode = FALSE
	EndGlobalSection
	GlobalSection(ExtensibilityGlobals) = postSolution
		SolutionGuid = {4D535B09-0B96-49C7-97BD-33F520E3D318}
	EndGlobalSection
EndGlobal
