
Microsoft Visual Studio Solution File, Format Version 12.00
# Visual Studio Version 17
VisualStudioVersion = 17.14.36616.10 d17.14
MinimumVisualStudioVersion = 10.0.40219.1
Project("{FAE04EC0-301F-11D3-BF4B-00C04F79EFBC}") = "HRAssignment", "HRAssignment.csproj", "{D16190FD-21EA-420D-AD89-0FC834D7DBB9}"
EndProject
Global
	GlobalSection(SolutionConfigurationPlatforms) = preSolution
		Debug|Any CPU = Debug|Any CPU
		Release|Any CPU = Release|Any CPU
	EndGlobalSection
	GlobalSection(ProjectConfigurationPlatforms) = postSolution
		{D16190FD-21EA-420D-AD89-0FC834D7DBB9}.Debug|Any CPU.ActiveCfg = Debug|Any CPU
		{D16190FD-21EA-420D-AD89-0FC834D7DBB9}.Debug|Any CPU.Build.0 = Debug|Any CPU
		{D16190FD-21EA-420D-AD89-0FC834D7DBB9}.Release|Any CPU.ActiveCfg = Release|Any CPU
		{D16190FD-21EA-420D-AD89-0FC834D7DBB9}.Release|Any CPU.Build.0 = Release|Any CPU
	EndGlobalSection
	GlobalSection(SolutionProperties) = preSolution
		HideSolutionNode = FALSE
	EndGlobalSection
	GlobalSection(ExtensibilityGlobals) = postSolution
		SolutionGuid = {7325B4A2-4FCE-481B-82CF-BE7FB79A5E38}
	EndGlobalSection
EndGlobal
