
Microsoft Visual Studio Solution File, Format Version 12.00
# Visual Studio Version 17
VisualStudioVersion = 17.14.36616.10 d17.14
MinimumVisualStudioVersion = 10.0.40219.1
Project("{FAE04EC0-301F-11D3-BF4B-00C04F79EFBC}") = "assig3", "assig3.csproj", "{19D5AA7D-5419-46CB-B94C-88E9EE0FA43B}"
EndProject
Global
	GlobalSection(SolutionConfigurationPlatforms) = preSolution
		Debug|Any CPU = Debug|Any CPU
		Release|Any CPU = Release|Any CPU
	EndGlobalSection
	GlobalSection(ProjectConfigurationPlatforms) = postSolution
		{19D5AA7D-5419-46CB-B94C-88E9EE0FA43B}.Debug|Any CPU.ActiveCfg = Debug|Any CPU
		{19D5AA7D-5419-46CB-B94C-88E9EE0FA43B}.Debug|Any CPU.Build.0 = Debug|Any CPU
		{19D5AA7D-5419-46CB-B94C-88E9EE0FA43B}.Release|Any CPU.ActiveCfg = Release|Any CPU
		{19D5AA7D-5419-46CB-B94C-88E9EE0FA43B}.Release|Any CPU.Build.0 = Release|Any CPU
	EndGlobalSection
	GlobalSection(SolutionProperties) = preSolution
		HideSolutionNode = FALSE
	EndGlobalSection
	GlobalSection(ExtensibilityGlobals) = postSolution
		SolutionGuid = {FBB9F4C6-37A2-4FE1-92E1-C8025CE9D38E}
	EndGlobalSection
EndGlobal
