
Microsoft Visual Studio Solution File, Format Version 12.00
# Visual Studio Version 17
VisualStudioVersion = 17.14.36616.10 d17.14
MinimumVisualStudioVersion = 10.0.40219.1
Project("{FAE04EC0-301F-11D3-BF4B-00C04F79EFBC}") = "ElectricityMiniPrj", "ElectricityMiniPrj.csproj", "{D7C46AD2-0356-4C2D-8B38-4386310CE50D}"
EndProject
Global
	GlobalSection(SolutionConfigurationPlatforms) = preSolution
		Debug|Any CPU = Debug|Any CPU
		Release|Any CPU = Release|Any CPU
	EndGlobalSection
	GlobalSection(ProjectConfigurationPlatforms) = postSolution
		{D7C46AD2-0356-4C2D-8B38-4386310CE50D}.Debug|Any CPU.ActiveCfg = Debug|Any CPU
		{D7C46AD2-0356-4C2D-8B38-4386310CE50D}.Debug|Any CPU.Build.0 = Debug|Any CPU
		{D7C46AD2-0356-4C2D-8B38-4386310CE50D}.Release|Any CPU.ActiveCfg = Release|Any CPU
		{D7C46AD2-0356-4C2D-8B38-4386310CE50D}.Release|Any CPU.Build.0 = Release|Any CPU
	EndGlobalSection
	GlobalSection(SolutionProperties) = preSolution
		HideSolutionNode = FALSE
	EndGlobalSection
	GlobalSection(ExtensibilityGlobals) = postSolution
		SolutionGuid = {A98DE1C5-1C31-4D75-BE55-BEF57B441AC7}
	EndGlobalSection
EndGlobal
