
Microsoft Visual Studio Solution File, Format Version 12.00
# Visual Studio Version 17
VisualStudioVersion = 17.14.36616.10 d17.14
MinimumVisualStudioVersion = 10.0.40219.1
Project("{FAE04EC0-301F-11D3-BF4B-00C04F79EFBC}") = "assign25-11", "assign25-11.csproj", "{C9C0086F-F94D-4B9A-8B1F-948FEDE47351}"
EndProject
Global
	GlobalSection(SolutionConfigurationPlatforms) = preSolution
		Debug|Any CPU = Debug|Any CPU
		Release|Any CPU = Release|Any CPU
	EndGlobalSection
	GlobalSection(ProjectConfigurationPlatforms) = postSolution
		{C9C0086F-F94D-4B9A-8B1F-948FEDE47351}.Debug|Any CPU.ActiveCfg = Debug|Any CPU
		{C9C0086F-F94D-4B9A-8B1F-948FEDE47351}.Debug|Any CPU.Build.0 = Debug|Any CPU
		{C9C0086F-F94D-4B9A-8B1F-948FEDE47351}.Release|Any CPU.ActiveCfg = Release|Any CPU
		{C9C0086F-F94D-4B9A-8B1F-948FEDE47351}.Release|Any CPU.Build.0 = Release|Any CPU
	EndGlobalSection
	GlobalSection(SolutionProperties) = preSolution
		HideSolutionNode = FALSE
	EndGlobalSection
	GlobalSection(ExtensibilityGlobals) = postSolution
		SolutionGuid = {6EB56521-F0F9-4798-AFBB-AD223568EAB8}
	EndGlobalSection
EndGlobal
