
Microsoft Visual Studio Solution File, Format Version 12.00
# Visual Studio Version 17
VisualStudioVersion = 17.14.36616.10 d17.14
MinimumVisualStudioVersion = 10.0.40219.1
Project("{FAE04EC0-301F-11D3-BF4B-00C04F79EFBC}") = "Empty_WebApp", "Empty_WebApp.csproj", "{A25A0406-CADF-454F-BC5F-622186F9F44C}"
EndProject
Global
	GlobalSection(SolutionConfigurationPlatforms) = preSolution
		Debug|Any CPU = Debug|Any CPU
		Release|Any CPU = Release|Any CPU
	EndGlobalSection
	GlobalSection(ProjectConfigurationPlatforms) = postSolution
		{A25A0406-CADF-454F-BC5F-622186F9F44C}.Debug|Any CPU.ActiveCfg = Debug|Any CPU
		{A25A0406-CADF-454F-BC5F-622186F9F44C}.Debug|Any CPU.Build.0 = Debug|Any CPU
		{A25A0406-CADF-454F-BC5F-622186F9F44C}.Release|Any CPU.ActiveCfg = Release|Any CPU
		{A25A0406-CADF-454F-BC5F-622186F9F44C}.Release|Any CPU.Build.0 = Release|Any CPU
	EndGlobalSection
	GlobalSection(SolutionProperties) = preSolution
		HideSolutionNode = FALSE
	EndGlobalSection
	GlobalSection(ExtensibilityGlobals) = postSolution
		SolutionGuid = {7F7FDD32-2D49-424E-BA16-27F0E4115E5D}
	EndGlobalSection
EndGlobal
