
Microsoft Visual Studio Solution File, Format Version 12.00
# Visual Studio Version 17
VisualStudioVersion = 17.14.36616.10 d17.14
MinimumVisualStudioVersion = 10.0.40219.1
Project("{FAE04EC0-301F-11D3-BF4B-00C04F79EFBC}") = "RestrntOrdrMng", "RestrntOrdrMng.csproj", "{F5B14913-32E7-481C-989E-C090E6AA5B25}"
EndProject
Global
	GlobalSection(SolutionConfigurationPlatforms) = preSolution
		Debug|Any CPU = Debug|Any CPU
		Release|Any CPU = Release|Any CPU
	EndGlobalSection
	GlobalSection(ProjectConfigurationPlatforms) = postSolution
		{F5B14913-32E7-481C-989E-C090E6AA5B25}.Debug|Any CPU.ActiveCfg = Debug|Any CPU
		{F5B14913-32E7-481C-989E-C090E6AA5B25}.Debug|Any CPU.Build.0 = Debug|Any CPU
		{F5B14913-32E7-481C-989E-C090E6AA5B25}.Release|Any CPU.ActiveCfg = Release|Any CPU
		{F5B14913-32E7-481C-989E-C090E6AA5B25}.Release|Any CPU.Build.0 = Release|Any CPU
	EndGlobalSection
	GlobalSection(SolutionProperties) = preSolution
		HideSolutionNode = FALSE
	EndGlobalSection
	GlobalSection(ExtensibilityGlobals) = postSolution
		SolutionGuid = {AA109E94-2A10-4BAB-A042-5711D56B5424}
	EndGlobalSection
EndGlobal
