
Microsoft Visual Studio Solution File, Format Version 12.00
# Visual Studio Version 17
VisualStudioVersion = 17.14.36616.10 d17.14
MinimumVisualStudioVersion = 10.0.40219.1
Project("{FAE04EC0-301F-11D3-BF4B-00C04F79EFBC}") = "MVC_CC8", "MVC_CC8.csproj", "{F13BD728-8B01-4BD9-BA74-749321729207}"
EndProject
Global
	GlobalSection(SolutionConfigurationPlatforms) = preSolution
		Debug|Any CPU = Debug|Any CPU
		Release|Any CPU = Release|Any CPU
	EndGlobalSection
	GlobalSection(ProjectConfigurationPlatforms) = postSolution
		{F13BD728-8B01-4BD9-BA74-749321729207}.Debug|Any CPU.ActiveCfg = Debug|Any CPU
		{F13BD728-8B01-4BD9-BA74-749321729207}.Debug|Any CPU.Build.0 = Debug|Any CPU
		{F13BD728-8B01-4BD9-BA74-749321729207}.Release|Any CPU.ActiveCfg = Release|Any CPU
		{F13BD728-8B01-4BD9-BA74-749321729207}.Release|Any CPU.Build.0 = Release|Any CPU
	EndGlobalSection
	GlobalSection(SolutionProperties) = preSolution
		HideSolutionNode = FALSE
	EndGlobalSection
	GlobalSection(ExtensibilityGlobals) = postSolution
		SolutionGuid = {4707349A-83FC-4E9A-B74D-123BE393EDC5}
	EndGlobalSection
EndGlobal
