
Microsoft Visual Studio Solution File, Format Version 12.00
# Visual Studio Version 17
VisualStudioVersion = 17.14.36616.10 d17.14
MinimumVisualStudioVersion = 10.0.40219.1
Project("{FAE04EC0-301F-11D3-BF4B-00C04F79EFBC}") = "Utility_Billing_System", "Utility_Billing_System.csproj", "{AC13BAC9-E291-4D3B-A6A5-094FB82D0C87}"
EndProject
Global
	GlobalSection(SolutionConfigurationPlatforms) = preSolution
		Debug|Any CPU = Debug|Any CPU
		Release|Any CPU = Release|Any CPU
	EndGlobalSection
	GlobalSection(ProjectConfigurationPlatforms) = postSolution
		{AC13BAC9-E291-4D3B-A6A5-094FB82D0C87}.Debug|Any CPU.ActiveCfg = Debug|Any CPU
		{AC13BAC9-E291-4D3B-A6A5-094FB82D0C87}.Debug|Any CPU.Build.0 = Debug|Any CPU
		{AC13BAC9-E291-4D3B-A6A5-094FB82D0C87}.Release|Any CPU.ActiveCfg = Release|Any CPU
		{AC13BAC9-E291-4D3B-A6A5-094FB82D0C87}.Release|Any CPU.Build.0 = Release|Any CPU
	EndGlobalSection
	GlobalSection(SolutionProperties) = preSolution
		HideSolutionNode = FALSE
	EndGlobalSection
	GlobalSection(ExtensibilityGlobals) = postSolution
		SolutionGuid = {3EF12AA1-1098-4C7C-9A55-B67DF589C38E}
	EndGlobalSection
EndGlobal
