
Microsoft Visual Studio Solution File, Format Version 12.00
# Visual Studio Version 17
VisualStudioVersion = 17.14.36616.10 d17.14
MinimumVisualStudioVersion = 10.0.40219.1
Project("{FAE04EC0-301F-11D3-BF4B-00C04F79EFBC}") = "ModelFirstDemo", "ModelFirstDemo.csproj", "{C926AF0E-4A5C-4D9A-9540-F9345EFC5157}"
EndProject
Global
	GlobalSection(SolutionConfigurationPlatforms) = preSolution
		Debug|Any CPU = Debug|Any CPU
		Release|Any CPU = Release|Any CPU
	EndGlobalSection
	GlobalSection(ProjectConfigurationPlatforms) = postSolution
		{C926AF0E-4A5C-4D9A-9540-F9345EFC5157}.Debug|Any CPU.ActiveCfg = Debug|Any CPU
		{C926AF0E-4A5C-4D9A-9540-F9345EFC5157}.Debug|Any CPU.Build.0 = Debug|Any CPU
		{C926AF0E-4A5C-4D9A-9540-F9345EFC5157}.Release|Any CPU.ActiveCfg = Release|Any CPU
		{C926AF0E-4A5C-4D9A-9540-F9345EFC5157}.Release|Any CPU.Build.0 = Release|Any CPU
	EndGlobalSection
	GlobalSection(SolutionProperties) = preSolution
		HideSolutionNode = FALSE
	EndGlobalSection
	GlobalSection(ExtensibilityGlobals) = postSolution
		SolutionGuid = {41A97CEF-36AE-4595-AB6D-DAA064B5A817}
	EndGlobalSection
EndGlobal
