
Microsoft Visual Studio Solution File, Format Version 12.00
# Visual Studio Version 17
VisualStudioVersion = 17.14.36616.10 d17.14
MinimumVisualStudioVersion = 10.0.40219.1
Project("{FAE04EC0-301F-11D3-BF4B-00C04F79EFBC}") = "MVC_Assign", "MVC_Assign.csproj", "{042AF9F9-0DA5-4386-A021-E0FA5440FB56}"
EndProject
Global
	GlobalSection(SolutionConfigurationPlatforms) = preSolution
		Debug|Any CPU = Debug|Any CPU
		Release|Any CPU = Release|Any CPU
	EndGlobalSection
	GlobalSection(ProjectConfigurationPlatforms) = postSolution
		{042AF9F9-0DA5-4386-A021-E0FA5440FB56}.Debug|Any CPU.ActiveCfg = Debug|Any CPU
		{042AF9F9-0DA5-4386-A021-E0FA5440FB56}.Debug|Any CPU.Build.0 = Debug|Any CPU
		{042AF9F9-0DA5-4386-A021-E0FA5440FB56}.Release|Any CPU.ActiveCfg = Release|Any CPU
		{042AF9F9-0DA5-4386-A021-E0FA5440FB56}.Release|Any CPU.Build.0 = Release|Any CPU
	EndGlobalSection
	GlobalSection(SolutionProperties) = preSolution
		HideSolutionNode = FALSE
	EndGlobalSection
	GlobalSection(ExtensibilityGlobals) = postSolution
		SolutionGuid = {20AAB3BC-60DA-42E9-9F1C-75753CA9D0CF}
	EndGlobalSection
EndGlobal
