
Microsoft Visual Studio Solution File, Format Version 12.00
# Visual Studio Version 17
VisualStudioVersion = 17.14.36616.10 d17.14
MinimumVisualStudioVersion = 10.0.40219.1
Project("{FAE04EC0-301F-11D3-BF4B-00C04F79EFBC}") = "FileHandlingDemo", "FileHandlingDemo.csproj", "{EEC9FBEB-0CAF-4D46-9CF0-E7CAA3C74FF3}"
EndProject
Global
	GlobalSection(SolutionConfigurationPlatforms) = preSolution
		Debug|Any CPU = Debug|Any CPU
		Release|Any CPU = Release|Any CPU
	EndGlobalSection
	GlobalSection(ProjectConfigurationPlatforms) = postSolution
		{EEC9FBEB-0CAF-4D46-9CF0-E7CAA3C74FF3}.Debug|Any CPU.ActiveCfg = Debug|Any CPU
		{EEC9FBEB-0CAF-4D46-9CF0-E7CAA3C74FF3}.Debug|Any CPU.Build.0 = Debug|Any CPU
		{EEC9FBEB-0CAF-4D46-9CF0-E7CAA3C74FF3}.Release|Any CPU.ActiveCfg = Release|Any CPU
		{EEC9FBEB-0CAF-4D46-9CF0-E7CAA3C74FF3}.Release|Any CPU.Build.0 = Release|Any CPU
	EndGlobalSection
	GlobalSection(SolutionProperties) = preSolution
		HideSolutionNode = FALSE
	EndGlobalSection
	GlobalSection(ExtensibilityGlobals) = postSolution
		SolutionGuid = {32C9857C-F72A-490F-98A7-E8EA42FE53BE}
	EndGlobalSection
EndGlobal
