
Microsoft Visual Studio Solution File, Format Version 12.00
# Visual Studio Version 17
VisualStudioVersion = 17.14.36616.10 d17.14
MinimumVisualStudioVersion = 10.0.40219.1
Project("{FAE04EC0-301F-11D3-BF4B-00C04F79EFBC}") = "Ecommerce", "Ecommerce.csproj", "{69842134-E839-487F-A580-EC8CC7973362}"
EndProject
Global
	GlobalSection(SolutionConfigurationPlatforms) = preSolution
		Debug|Any CPU = Debug|Any CPU
		Release|Any CPU = Release|Any CPU
	EndGlobalSection
	GlobalSection(ProjectConfigurationPlatforms) = postSolution
		{69842134-E839-487F-A580-EC8CC7973362}.Debug|Any CPU.ActiveCfg = Debug|Any CPU
		{69842134-E839-487F-A580-EC8CC7973362}.Debug|Any CPU.Build.0 = Debug|Any CPU
		{69842134-E839-487F-A580-EC8CC7973362}.Release|Any CPU.ActiveCfg = Release|Any CPU
		{69842134-E839-487F-A580-EC8CC7973362}.Release|Any CPU.Build.0 = Release|Any CPU
	EndGlobalSection
	GlobalSection(SolutionProperties) = preSolution
		HideSolutionNode = FALSE
	EndGlobalSection
	GlobalSection(ExtensibilityGlobals) = postSolution
		SolutionGuid = {2DB8C799-2C97-4E4B-B2C2-5FD639605088}
	EndGlobalSection
EndGlobal
