
Microsoft Visual Studio Solution File, Format Version 12.00
# Visual Studio Version 17
VisualStudioVersion = 17.14.36616.10 d17.14
MinimumVisualStudioVersion = 10.0.40219.1
Project("{FAE04EC0-301F-11D3-BF4B-00C04F79EFBC}") = "CC8_CodeFirst", "CC8_CodeFirst.csproj", "{15A973A3-1A59-464D-952E-06F38AAD7117}"
EndProject
Global
	GlobalSection(SolutionConfigurationPlatforms) = preSolution
		Debug|Any CPU = Debug|Any CPU
		Release|Any CPU = Release|Any CPU
	EndGlobalSection
	GlobalSection(ProjectConfigurationPlatforms) = postSolution
		{15A973A3-1A59-464D-952E-06F38AAD7117}.Debug|Any CPU.ActiveCfg = Debug|Any CPU
		{15A973A3-1A59-464D-952E-06F38AAD7117}.Debug|Any CPU.Build.0 = Debug|Any CPU
		{15A973A3-1A59-464D-952E-06F38AAD7117}.Release|Any CPU.ActiveCfg = Release|Any CPU
		{15A973A3-1A59-464D-952E-06F38AAD7117}.Release|Any CPU.Build.0 = Release|Any CPU
	EndGlobalSection
	GlobalSection(SolutionProperties) = preSolution
		HideSolutionNode = FALSE
	EndGlobalSection
	GlobalSection(ExtensibilityGlobals) = postSolution
		SolutionGuid = {2D141676-039D-480B-AB3C-AE8E7E11F322}
	EndGlobalSection
EndGlobal
