
Microsoft Visual Studio Solution File, Format Version 12.00
# Visual Studio Version 17
VisualStudioVersion = 17.14.36616.10 d17.14
MinimumVisualStudioVersion = 10.0.40219.1
Project("{FAE04EC0-301F-11D3-BF4B-00C04F79EFBC}") = "CodeFirstDemo1", "CodeFirstDemo1.csproj", "{04E65F52-8C58-4209-B6EB-66B055ADFF88}"
EndProject
Global
	GlobalSection(SolutionConfigurationPlatforms) = preSolution
		Debug|Any CPU = Debug|Any CPU
		Release|Any CPU = Release|Any CPU
	EndGlobalSection
	GlobalSection(ProjectConfigurationPlatforms) = postSolution
		{04E65F52-8C58-4209-B6EB-66B055ADFF88}.Debug|Any CPU.ActiveCfg = Debug|Any CPU
		{04E65F52-8C58-4209-B6EB-66B055ADFF88}.Debug|Any CPU.Build.0 = Debug|Any CPU
		{04E65F52-8C58-4209-B6EB-66B055ADFF88}.Release|Any CPU.ActiveCfg = Release|Any CPU
		{04E65F52-8C58-4209-B6EB-66B055ADFF88}.Release|Any CPU.Build.0 = Release|Any CPU
	EndGlobalSection
	GlobalSection(SolutionProperties) = preSolution
		HideSolutionNode = FALSE
	EndGlobalSection
	GlobalSection(ExtensibilityGlobals) = postSolution
		SolutionGuid = {5C6D4A83-48AA-475F-B11F-68028A703976}
	EndGlobalSection
EndGlobal
