
Microsoft Visual Studio Solution File, Format Version 12.00
# Visual Studio Version 17
VisualStudioVersion = 17.14.36616.10 d17.14
MinimumVisualStudioVersion = 10.0.40219.1
Project("{FAE04EC0-301F-11D3-BF4B-00C04F79EFBC}") = "demo2", "demo2\demo2.csproj", "{57BA9D52-2908-49F3-80CB-D921C6F36365}"
EndProject
Global
	GlobalSection(SolutionConfigurationPlatforms) = preSolution
		Debug|Any CPU = Debug|Any CPU
		Release|Any CPU = Release|Any CPU
	EndGlobalSection
	GlobalSection(ProjectConfigurationPlatforms) = postSolution
		{57BA9D52-2908-49F3-80CB-D921C6F36365}.Debug|Any CPU.ActiveCfg = Debug|Any CPU
		{57BA9D52-2908-49F3-80CB-D921C6F36365}.Debug|Any CPU.Build.0 = Debug|Any CPU
		{57BA9D52-2908-49F3-80CB-D921C6F36365}.Release|Any CPU.ActiveCfg = Release|Any CPU
		{57BA9D52-2908-49F3-80CB-D921C6F36365}.Release|Any CPU.Build.0 = Release|Any CPU
	EndGlobalSection
	GlobalSection(SolutionProperties) = preSolution
		HideSolutionNode = FALSE
	EndGlobalSection
	GlobalSection(ExtensibilityGlobals) = postSolution
		SolutionGuid = {B7D95FC1-8BB4-4C2D-92D3-4EC6BF430D97}
	EndGlobalSection
EndGlobal
