
Microsoft Visual Studio Solution File, Format Version 12.00
# Visual Studio Version 17
VisualStudioVersion = 17.14.36616.10 d17.14
MinimumVisualStudioVersion = 10.0.40219.1
Project("{FAE04EC0-301F-11D3-BF4B-00C04F79EFBC}") = "Exception_Handling_Demo", "Exception_Handling_Demo.csproj", "{9FCD67D3-1949-426B-A030-1D295EB8CDFC}"
EndProject
Global
	GlobalSection(SolutionConfigurationPlatforms) = preSolution
		Debug|Any CPU = Debug|Any CPU
		Release|Any CPU = Release|Any CPU
	EndGlobalSection
	GlobalSection(ProjectConfigurationPlatforms) = postSolution
		{9FCD67D3-1949-426B-A030-1D295EB8CDFC}.Debug|Any CPU.ActiveCfg = Debug|Any CPU
		{9FCD67D3-1949-426B-A030-1D295EB8CDFC}.Debug|Any CPU.Build.0 = Debug|Any CPU
		{9FCD67D3-1949-426B-A030-1D295EB8CDFC}.Release|Any CPU.ActiveCfg = Release|Any CPU
		{9FCD67D3-1949-426B-A030-1D295EB8CDFC}.Release|Any CPU.Build.0 = Release|Any CPU
	EndGlobalSection
	GlobalSection(SolutionProperties) = preSolution
		HideSolutionNode = FALSE
	EndGlobalSection
	GlobalSection(ExtensibilityGlobals) = postSolution
		SolutionGuid = {5A74B669-2412-4728-8F17-254CA3BCD11A}
	EndGlobalSection
EndGlobal
